
Microsoft Visual Studio Solution File, Format Version 12.00
# Visual Studio 2013
VisualStudioVersion = 12.0.31101.0
MinimumVisualStudioVersion = 10.0.40219.1
Project("{FAE04EC0-301F-11D3-BF4B-00C04F79EFBC}") = "FirmaDigital", "FirmaDigital\FirmaDigital.csproj", "{84EE549E-EF34-45DB-B497-AF9524839B4B}"
EndProject
Project("{FAE04EC0-301F-11D3-BF4B-00C04F79EFBC}") = "GetCert", "GetCert\GetCert.csproj", "{FA90DB91-CE68-4BF0-97A0-CD75FBB7FEB2}"
EndProject
Global
	GlobalSection(SolutionConfigurationPlatforms) = preSolution
		Debug|Any CPU = Debug|Any CPU
		Release|Any CPU = Release|Any CPU
	EndGlobalSection
	GlobalSection(ProjectConfigurationPlatforms) = postSolution
		{84EE549E-EF34-45DB-B497-AF9524839B4B}.Debug|Any CPU.ActiveCfg = Debug|Any CPU
		{84EE549E-EF34-45DB-B497-AF9524839B4B}.Debug|Any CPU.Build.0 = Debug|Any CPU
		{84EE549E-EF34-45DB-B497-AF9524839B4B}.Release|Any CPU.ActiveCfg = Release|Any CPU
		{84EE549E-EF34-45DB-B497-AF9524839B4B}.Release|Any CPU.Build.0 = Release|Any CPU
		{FA90DB91-CE68-4BF0-97A0-CD75FBB7FEB2}.Debug|Any CPU.ActiveCfg = Debug|Any CPU
		{FA90DB91-CE68-4BF0-97A0-CD75FBB7FEB2}.Debug|Any CPU.Build.0 = Debug|Any CPU
		{FA90DB91-CE68-4BF0-97A0-CD75FBB7FEB2}.Release|Any CPU.ActiveCfg = Release|Any CPU
		{FA90DB91-CE68-4BF0-97A0-CD75FBB7FEB2}.Release|Any CPU.Build.0 = Release|Any CPU
	EndGlobalSection
	GlobalSection(SolutionProperties) = preSolution
		HideSolutionNode = FALSE
	EndGlobalSection
EndGlobal
